
Microsoft Visual Studio Solution File, Format Version 12.00
# Visual Studio Version 17
VisualStudioVersion = 17.11.35312.102
MinimumVisualStudioVersion = 10.0.40219.1
Project("{2150E333-8FDC-42A3-9474-1A3956D46DE8}") = "Clients", "Clients", "{DE1C72FC-54DB-4F6E-A0EE-56EFCD1DEEC4}"
EndProject
Project("{2150E333-8FDC-42A3-9474-1A3956D46DE8}") = "src", "src", "{6A5D2DE5-3C4A-4EE1-A1D2-210009E37749}"
EndProject
Project("{9A19103F-16F7-4668-BE54-9A1E7A4F7556}") = "Clients.Api", "src\Clients\Clients.Api\Clients.Api.csproj", "{34308B2C-B1FB-4712-908E-5CC66EFFA131}"
EndProject
Project("{2150E333-8FDC-42A3-9474-1A3956D46DE8}") = "EventBus", "EventBus", "{23C7AD66-356D-419F-B1CF-106D9EEDA203}"
EndProject
Project("{2150E333-8FDC-42A3-9474-1A3956D46DE8}") = "RiskEvaluator", "RiskEvaluator", "{D6B15FE5-520D-4620-A2B1-CFE4361B61A6}"
EndProject
Project("{2150E333-8FDC-42A3-9474-1A3956D46DE8}") = "Accounts", "Accounts", "{63C23B58-2D0F-49F2-806E-29401EC440EE}"
EndProject
Project("{2150E333-8FDC-42A3-9474-1A3956D46DE8}") = "Notifications", "Notifications", "{566ABEAA-ABC4-46E8-BE4F-A6C83D53EAB7}"
EndProject
Project("{9A19103F-16F7-4668-BE54-9A1E7A4F7556}") = "Clients.Contracts", "src\Clients\Clients.Contracts\Clients.Contracts.csproj", "{FB0EAFDB-5069-40B0-AA73-1EABC5928BC0}"
EndProject
Project("{2150E333-8FDC-42A3-9474-1A3956D46DE8}") = "Aspire", "Aspire", "{A25221B9-D14B-4538-90C4-35186BF70558}"
EndProject
Project("{9A19103F-16F7-4668-BE54-9A1E7A4F7556}") = "RiskEvaluator.Grpc", "src\RiskEvaluator\RiskEvaluator.Grpc\RiskEvaluator.Grpc.csproj", "{75ACE991-99C9-4A26-BCF4-8B3BFA8BA4A7}"
EndProject
Project("{9A19103F-16F7-4668-BE54-9A1E7A4F7556}") = "Infrastructure.RabbitMQ", "src\EventBus\Infrastructure.RabbitMQ\Infrastructure.RabbitMQ.csproj", "{A4D5C7FD-4409-4EC9-BDC8-47A176FDA72A}"
EndProject
Project("{9A19103F-16F7-4668-BE54-9A1E7A4F7556}") = "Accounts.Contracts", "src\Accounts\Accounts.Contracts\Accounts.Contracts.csproj", "{9DA51ED2-4D94-452E-A893-3E1B37FA67AE}"
EndProject
Project("{9A19103F-16F7-4668-BE54-9A1E7A4F7556}") = "Accounts.Api", "src\Accounts\Accounts.Api\Accounts.Api.csproj", "{30AEA044-BE6A-4993-8912-CE5432F8F049}"
EndProject
Project("{9A19103F-16F7-4668-BE54-9A1E7A4F7556}") = "Notifications.Contracts", "src\Notifications\Notifications.Contracts\Notifications.Contracts.csproj", "{9F9153A1-F1CB-46D7-B0B0-F46457140907}"
EndProject
Project("{9A19103F-16F7-4668-BE54-9A1E7A4F7556}") = "Notifications.Api", "src\Notifications\Notifications.Api\Notifications.Api.csproj", "{0078AB31-B394-47B0-8979-0E06C8883888}"
EndProject
Project("{9A19103F-16F7-4668-BE54-9A1E7A4F7556}") = "WaitForDependencies.Aspire.Hosting", "src\Aspire\WaitForDependencies.Aspire.Hosting\WaitForDependencies.Aspire.Hosting.csproj", "{E495656D-A87F-43FD-887A-F7D6691A2F68}"
EndProject
Project("{9A19103F-16F7-4668-BE54-9A1E7A4F7556}") = "AspNetAspireMicroservice.ServiceDefaults", "src\Aspire\AspNetAspireMicroservice.ServiceDefaults\AspNetAspireMicroservice.ServiceDefaults.csproj", "{784E0CA2-071B-4E80-9013-EA0235B07957}"
EndProject
Project("{9A19103F-16F7-4668-BE54-9A1E7A4F7556}") = "AspNetAspireMicroservice.AppHost", "src\Aspire\AspNetAspireMicroservice.AppHost\AspNetAspireMicroservice.AppHost.csproj", "{11A15A3C-6A52-40BB-B0D8-B7D37555E3EF}"
EndProject
Global
	GlobalSection(SolutionConfigurationPlatforms) = preSolution
		Debug|Any CPU = Debug|Any CPU
		Release|Any CPU = Release|Any CPU
	EndGlobalSection
	GlobalSection(ProjectConfigurationPlatforms) = postSolution
		{34308B2C-B1FB-4712-908E-5CC66EFFA131}.Debug|Any CPU.ActiveCfg = Debug|Any CPU
		{34308B2C-B1FB-4712-908E-5CC66EFFA131}.Debug|Any CPU.Build.0 = Debug|Any CPU
		{34308B2C-B1FB-4712-908E-5CC66EFFA131}.Release|Any CPU.ActiveCfg = Release|Any CPU
		{34308B2C-B1FB-4712-908E-5CC66EFFA131}.Release|Any CPU.Build.0 = Release|Any CPU
		{FB0EAFDB-5069-40B0-AA73-1EABC5928BC0}.Debug|Any CPU.ActiveCfg = Debug|Any CPU
		{FB0EAFDB-5069-40B0-AA73-1EABC5928BC0}.Debug|Any CPU.Build.0 = Debug|Any CPU
		{FB0EAFDB-5069-40B0-AA73-1EABC5928BC0}.Release|Any CPU.ActiveCfg = Release|Any CPU
		{FB0EAFDB-5069-40B0-AA73-1EABC5928BC0}.Release|Any CPU.Build.0 = Release|Any CPU
		{75ACE991-99C9-4A26-BCF4-8B3BFA8BA4A7}.Debug|Any CPU.ActiveCfg = Debug|Any CPU
		{75ACE991-99C9-4A26-BCF4-8B3BFA8BA4A7}.Debug|Any CPU.Build.0 = Debug|Any CPU
		{75ACE991-99C9-4A26-BCF4-8B3BFA8BA4A7}.Release|Any CPU.ActiveCfg = Release|Any CPU
		{75ACE991-99C9-4A26-BCF4-8B3BFA8BA4A7}.Release|Any CPU.Build.0 = Release|Any CPU
		{A4D5C7FD-4409-4EC9-BDC8-47A176FDA72A}.Debug|Any CPU.ActiveCfg = Debug|Any CPU
		{A4D5C7FD-4409-4EC9-BDC8-47A176FDA72A}.Debug|Any CPU.Build.0 = Debug|Any CPU
		{A4D5C7FD-4409-4EC9-BDC8-47A176FDA72A}.Release|Any CPU.ActiveCfg = Release|Any CPU
		{A4D5C7FD-4409-4EC9-BDC8-47A176FDA72A}.Release|Any CPU.Build.0 = Release|Any CPU
		{9DA51ED2-4D94-452E-A893-3E1B37FA67AE}.Debug|Any CPU.ActiveCfg = Debug|Any CPU
		{9DA51ED2-4D94-452E-A893-3E1B37FA67AE}.Debug|Any CPU.Build.0 = Debug|Any CPU
		{9DA51ED2-4D94-452E-A893-3E1B37FA67AE}.Release|Any CPU.ActiveCfg = Release|Any CPU
		{9DA51ED2-4D94-452E-A893-3E1B37FA67AE}.Release|Any CPU.Build.0 = Release|Any CPU
		{30AEA044-BE6A-4993-8912-CE5432F8F049}.Debug|Any CPU.ActiveCfg = Debug|Any CPU
		{30AEA044-BE6A-4993-8912-CE5432F8F049}.Debug|Any CPU.Build.0 = Debug|Any CPU
		{30AEA044-BE6A-4993-8912-CE5432F8F049}.Release|Any CPU.ActiveCfg = Release|Any CPU
		{30AEA044-BE6A-4993-8912-CE5432F8F049}.Release|Any CPU.Build.0 = Release|Any CPU
		{9F9153A1-F1CB-46D7-B0B0-F46457140907}.Debug|Any CPU.ActiveCfg = Debug|Any CPU
		{9F9153A1-F1CB-46D7-B0B0-F46457140907}.Debug|Any CPU.Build.0 = Debug|Any CPU
		{9F9153A1-F1CB-46D7-B0B0-F46457140907}.Release|Any CPU.ActiveCfg = Release|Any CPU
		{9F9153A1-F1CB-46D7-B0B0-F46457140907}.Release|Any CPU.Build.0 = Release|Any CPU
		{0078AB31-B394-47B0-8979-0E06C8883888}.Debug|Any CPU.ActiveCfg = Debug|Any CPU
		{0078AB31-B394-47B0-8979-0E06C8883888}.Debug|Any CPU.Build.0 = Debug|Any CPU
		{0078AB31-B394-47B0-8979-0E06C8883888}.Release|Any CPU.ActiveCfg = Release|Any CPU
		{0078AB31-B394-47B0-8979-0E06C8883888}.Release|Any CPU.Build.0 = Release|Any CPU
		{E495656D-A87F-43FD-887A-F7D6691A2F68}.Debug|Any CPU.ActiveCfg = Debug|Any CPU
		{E495656D-A87F-43FD-887A-F7D6691A2F68}.Debug|Any CPU.Build.0 = Debug|Any CPU
		{E495656D-A87F-43FD-887A-F7D6691A2F68}.Release|Any CPU.ActiveCfg = Release|Any CPU
		{E495656D-A87F-43FD-887A-F7D6691A2F68}.Release|Any CPU.Build.0 = Release|Any CPU
		{784E0CA2-071B-4E80-9013-EA0235B07957}.Debug|Any CPU.ActiveCfg = Debug|Any CPU
		{784E0CA2-071B-4E80-9013-EA0235B07957}.Debug|Any CPU.Build.0 = Debug|Any CPU
		{784E0CA2-071B-4E80-9013-EA0235B07957}.Release|Any CPU.ActiveCfg = Release|Any CPU
		{784E0CA2-071B-4E80-9013-EA0235B07957}.Release|Any CPU.Build.0 = Release|Any CPU
		{11A15A3C-6A52-40BB-B0D8-B7D37555E3EF}.Debug|Any CPU.ActiveCfg = Debug|Any CPU
		{11A15A3C-6A52-40BB-B0D8-B7D37555E3EF}.Debug|Any CPU.Build.0 = Debug|Any CPU
		{11A15A3C-6A52-40BB-B0D8-B7D37555E3EF}.Release|Any CPU.ActiveCfg = Release|Any CPU
		{11A15A3C-6A52-40BB-B0D8-B7D37555E3EF}.Release|Any CPU.Build.0 = Release|Any CPU
	EndGlobalSection
	GlobalSection(SolutionProperties) = preSolution
		HideSolutionNode = FALSE
	EndGlobalSection
	GlobalSection(NestedProjects) = preSolution
		{DE1C72FC-54DB-4F6E-A0EE-56EFCD1DEEC4} = {6A5D2DE5-3C4A-4EE1-A1D2-210009E37749}
		{34308B2C-B1FB-4712-908E-5CC66EFFA131} = {DE1C72FC-54DB-4F6E-A0EE-56EFCD1DEEC4}
		{23C7AD66-356D-419F-B1CF-106D9EEDA203} = {6A5D2DE5-3C4A-4EE1-A1D2-210009E37749}
		{D6B15FE5-520D-4620-A2B1-CFE4361B61A6} = {6A5D2DE5-3C4A-4EE1-A1D2-210009E37749}
		{63C23B58-2D0F-49F2-806E-29401EC440EE} = {6A5D2DE5-3C4A-4EE1-A1D2-210009E37749}
		{566ABEAA-ABC4-46E8-BE4F-A6C83D53EAB7} = {6A5D2DE5-3C4A-4EE1-A1D2-210009E37749}
		{FB0EAFDB-5069-40B0-AA73-1EABC5928BC0} = {DE1C72FC-54DB-4F6E-A0EE-56EFCD1DEEC4}
		{A25221B9-D14B-4538-90C4-35186BF70558} = {6A5D2DE5-3C4A-4EE1-A1D2-210009E37749}
		{75ACE991-99C9-4A26-BCF4-8B3BFA8BA4A7} = {D6B15FE5-520D-4620-A2B1-CFE4361B61A6}
		{A4D5C7FD-4409-4EC9-BDC8-47A176FDA72A} = {23C7AD66-356D-419F-B1CF-106D9EEDA203}
		{9DA51ED2-4D94-452E-A893-3E1B37FA67AE} = {63C23B58-2D0F-49F2-806E-29401EC440EE}
		{30AEA044-BE6A-4993-8912-CE5432F8F049} = {63C23B58-2D0F-49F2-806E-29401EC440EE}
		{9F9153A1-F1CB-46D7-B0B0-F46457140907} = {566ABEAA-ABC4-46E8-BE4F-A6C83D53EAB7}
		{0078AB31-B394-47B0-8979-0E06C8883888} = {566ABEAA-ABC4-46E8-BE4F-A6C83D53EAB7}
		{E495656D-A87F-43FD-887A-F7D6691A2F68} = {A25221B9-D14B-4538-90C4-35186BF70558}
		{784E0CA2-071B-4E80-9013-EA0235B07957} = {A25221B9-D14B-4538-90C4-35186BF70558}
		{11A15A3C-6A52-40BB-B0D8-B7D37555E3EF} = {A25221B9-D14B-4538-90C4-35186BF70558}
	EndGlobalSection
	GlobalSection(ExtensibilityGlobals) = postSolution
		SolutionGuid = {982265A3-ECF0-40F4-8E52-430B28D61E64}
	EndGlobalSection
EndGlobal
